// !$*UTF8*$!
{
	archiveVersion = 1;
	classes = {
	};
	objectVersion = 50;
	objects = {

/* Begin PBXBuildFile section */
		3D3D2AFF2559DA96008A27E3 /* AppDelegate.swift in Sources */ = {isa = PBXBuildFile; fileRef = 3D3D2AFE2559DA96008A27E3 /* AppDelegate.swift */; };
		3D3D2B012559DA96008A27E3 /* SceneDelegate.swift in Sources */ = {isa = PBXBuildFile; fileRef = 3D3D2B002559DA96008A27E3 /* SceneDelegate.swift */; };
		3D3D2B032559DA96008A27E3 /* ViewController.swift in Sources */ = {isa = PBXBuildFile; fileRef = 3D3D2B022559DA96008A27E3 /* ViewController.swift */; };
		3D3D2B062559DA96008A27E3 /* Main.storyboard in Resources */ = {isa = PBXBuildFile; fileRef = 3D3D2B042559DA96008A27E3 /* Main.storyboard */; };
		3D3D2B082559DA9B008A27E3 /* Assets.xcassets in Resources */ = {isa = PBXBuildFile; fileRef = 3D3D2B072559DA9B008A27E3 /* Assets.xcassets */; };
		3D3D2B0B2559DA9B008A27E3 /* LaunchScreen.storyboard in Resources */ = {isa = PBXBuildFile; fileRef = 3D3D2B092559DA9B008A27E3 /* LaunchScreen.storyboard */; };
		3D3D2B162559DA9B008A27E3 /* eventosTests.swift in Sources */ = {isa = PBXBuildFile; fileRef = 3D3D2B152559DA9B008A27E3 /* eventosTests.swift */; };
		3D3D2B212559DA9B008A27E3 /* eventosUITests.swift in Sources */ = {isa = PBXBuildFile; fileRef = 3D3D2B202559DA9B008A27E3 /* eventosUITests.swift */; };
		3D3D2B342559DC33008A27E3 /* Evento.swift in Sources */ = {isa = PBXBuildFile; fileRef = 3D3D2B332559DC33008A27E3 /* Evento.swift */; };
		3D3D2B362559E78E008A27E3 /* celdaEventoController.swift in Sources */ = {isa = PBXBuildFile; fileRef = 3D3D2B352559E78E008A27E3 /* celdaEventoController.swift */; };
/* End PBXBuildFile section */

/* Begin PBXContainerItemProxy section */
		3D3D2B122559DA9B008A27E3 /* PBXContainerItemProxy */ = {
			isa = PBXContainerItemProxy;
			containerPortal = 3D3D2AF32559DA96008A27E3 /* Project object */;
			proxyType = 1;
			remoteGlobalIDString = 3D3D2AFA2559DA96008A27E3;
			remoteInfo = eventos;
		};
		3D3D2B1D2559DA9B008A27E3 /* PBXContainerItemProxy */ = {
			isa = PBXContainerItemProxy;
			containerPortal = 3D3D2AF32559DA96008A27E3 /* Project object */;
			proxyType = 1;
			remoteGlobalIDString = 3D3D2AFA2559DA96008A27E3;
			remoteInfo = eventos;
		};
/* End PBXContainerItemProxy section */

/* Begin PBXFileReference section */
		3D3D2AFB2559DA96008A27E3 /* eventos.app */ = {isa = PBXFileReference; explicitFileType = wrapper.application; includeInIndex = 0; path = eventos.app; sourceTree = BUILT_PRODUCTS_DIR; };
		3D3D2AFE2559DA96008A27E3 /* AppDelegate.swift */ = {isa = PBXFileReference; lastKnownFileType = sourcecode.swift; path = AppDelegate.swift; sourceTree = "<group>"; };
		3D3D2B002559DA96008A27E3 /* SceneDelegate.swift */ = {isa = PBXFileReference; lastKnownFileType = sourcecode.swift; path = SceneDelegate.swift; sourceTree = "<group>"; };
		3D3D2B022559DA96008A27E3 /* ViewController.swift */ = {isa = PBXFileReference; lastKnownFileType = sourcecode.swift; path = ViewController.swift; sourceTree = "<group>"; };
		3D3D2B052559DA96008A27E3 /* Base */ = {isa = PBXFileReference; lastKnownFileType = file.storyboard; name = Base; path = Base.lproj/Main.storyboard; sourceTree = "<group>"; };
		3D3D2B072559DA9B008A27E3 /* Assets.xcassets */ = {isa = PBXFileReference; lastKnownFileType = folder.assetcatalog; path = Assets.xcassets; sourceTree = "<group>"; };
		3D3D2B0A2559DA9B008A27E3 /* Base */ = {isa = PBXFileReference; lastKnownFileType = file.storyboard; name = Base; path = Base.lproj/LaunchScreen.storyboard; sourceTree = "<group>"; };
		3D3D2B0C2559DA9B008A27E3 /* Info.plist */ = {isa = PBXFileReference; lastKnownFileType = text.plist.xml; path = Info.plist; sourceTree = "<group>"; };
		3D3D2B112559DA9B008A27E3 /* eventosTests.xctest */ = {isa = PBXFileReference; explicitFileType = wrapper.cfbundle; includeInIndex = 0; path = eventosTests.xctest; sourceTree = BUILT_PRODUCTS_DIR; };
		3D3D2B152559DA9B008A27E3 /* eventosTests.swift */ = {isa = PBXFileReference; lastKnownFileType = sourcecode.swift; path = eventosTests.swift; sourceTree = "<group>"; };
		3D3D2B172559DA9B008A27E3 /* Info.plist */ = {isa = PBXFileReference; lastKnownFileType = text.plist.xml; path = Info.plist; sourceTree = "<group>"; };
		3D3D2B1C2559DA9B008A27E3 /* eventosUITests.xctest */ = {isa = PBXFileReference; explicitFileType = wrapper.cfbundle; includeInIndex = 0; path = eventosUITests.xctest; sourceTree = BUILT_PRODUCTS_DIR; };
		3D3D2B202559DA9B008A27E3 /* eventosUITests.swift */ = {isa = PBXFileReference; lastKnownFileType = sourcecode.swift; path = eventosUITests.swift; sourceTree = "<group>"; };
		3D3D2B222559DA9B008A27E3 /* Info.plist */ = {isa = PBXFileReference; lastKnownFileType = text.plist.xml; path = Info.plist; sourceTree = "<group>"; };
		3D3D2B332559DC33008A27E3 /* Evento.swift */ = {isa = PBXFileReference; lastKnownFileType = sourcecode.swift; path = Evento.swift; sourceTree = "<group>"; };
		3D3D2B352559E78E008A27E3 /* celdaEventoController.swift */ = {isa = PBXFileReference; lastKnownFileType = sourcecode.swift; path = celdaEventoController.swift; sourceTree = "<group>"; };
/* End PBXFileReference section */

/* Begin PBXFrameworksBuildPhase section */
		3D3D2AF82559DA96008A27E3 /* Frameworks */ = {
			isa = PBXFrameworksBuildPhase;
			buildActionMask = 2147483647;
			files = (
			);
			runOnlyForDeploymentPostprocessing = 0;
		};
		3D3D2B0E2559DA9B008A27E3 /* Frameworks */ = {
			isa = PBXFrameworksBuildPhase;
			buildActionMask = 2147483647;
			files = (
			);
			runOnlyForDeploymentPostprocessing = 0;
		};
		3D3D2B192559DA9B008A27E3 /* Frameworks */ = {
			isa = PBXFrameworksBuildPhase;
			buildActionMask = 2147483647;
			files = (
			);
			runOnlyForDeploymentPostprocessing = 0;
		};
/* End PBXFrameworksBuildPhase section */

/* Begin PBXGroup section */
		3D3D2AF22559DA96008A27E3 = {
			isa = PBXGroup;
			children = (
				3D3D2AFD2559DA96008A27E3 /* eventos */,
				3D3D2B142559DA9B008A27E3 /* eventosTests */,
				3D3D2B1F2559DA9B008A27E3 /* eventosUITests */,
				3D3D2AFC2559DA96008A27E3 /* Products */,
			);
			sourceTree = "<group>";
		};
		3D3D2AFC2559DA96008A27E3 /* Products */ = {
			isa = PBXGroup;
			children = (
				3D3D2AFB2559DA96008A27E3 /* eventos.app */,
				3D3D2B112559DA9B008A27E3 /* eventosTests.xctest */,
				3D3D2B1C2559DA9B008A27E3 /* eventosUITests.xctest */,
			);
			name = Products;
			sourceTree = "<group>";
		};
		3D3D2AFD2559DA96008A27E3 /* eventos */ = {
			isa = PBXGroup;
			children = (
				3D3D2B322559DB3B008A27E3 /* App */,
				3D3D2B312559DB30008A27E3 /* Viewcontrollers */,
				3D3D2B302559DB28008A27E3 /* Storyboards */,
				3D3D2B2F2559DB20008A27E3 /* Models */,
				3D3D2B2E2559DB06008A27E3 /* Resources */,
			);
			path = eventos;
			sourceTree = "<group>";
		};
		3D3D2B142559DA9B008A27E3 /* eventosTests */ = {
			isa = PBXGroup;
			children = (
				3D3D2B152559DA9B008A27E3 /* eventosTests.swift */,
				3D3D2B172559DA9B008A27E3 /* Info.plist */,
			);
			path = eventosTests;
			sourceTree = "<group>";
		};
		3D3D2B1F2559DA9B008A27E3 /* eventosUITests */ = {
			isa = PBXGroup;
			children = (
				3D3D2B202559DA9B008A27E3 /* eventosUITests.swift */,
				3D3D2B222559DA9B008A27E3 /* Info.plist */,
			);
			path = eventosUITests;
			sourceTree = "<group>";
		};
		3D3D2B2E2559DB06008A27E3 /* Resources */ = {
			isa = PBXGroup;
			children = (
				3D3D2B072559DA9B008A27E3 /* Assets.xcassets */,
			);
			name = Resources;
			sourceTree = "<group>";
		};
		3D3D2B2F2559DB20008A27E3 /* Models */ = {
			isa = PBXGroup;
			children = (
			);
			name = Models;
			sourceTree = "<group>";
		};
		3D3D2B302559DB28008A27E3 /* Storyboards */ = {
			isa = PBXGroup;
			children = (
				3D3D2B042559DA96008A27E3 /* Main.storyboard */,
				3D3D2B092559DA9B008A27E3 /* LaunchScreen.storyboard */,
			);
			name = Storyboards;
			sourceTree = "<group>";
		};
		3D3D2B312559DB30008A27E3 /* Viewcontrollers */ = {
			isa = PBXGroup;
			children = (
				3D3D2B352559E78E008A27E3 /* celdaEventoController.swift */,
				3D3D2B022559DA96008A27E3 /* ViewController.swift */,
			);
			name = Viewcontrollers;
			sourceTree = "<group>";
		};
		3D3D2B322559DB3B008A27E3 /* App */ = {
			isa = PBXGroup;
			children = (
				3D3D2B0C2559DA9B008A27E3 /* Info.plist */,
				3D3D2B002559DA96008A27E3 /* SceneDelegate.swift */,
				3D3D2AFE2559DA96008A27E3 /* AppDelegate.swift */,
				3D3D2B332559DC33008A27E3 /* Evento.swift */,
			);
			name = App;
			sourceTree = "<group>";
		};
/* End PBXGroup section */

/* Begin PBXNativeTarget section */
		3D3D2AFA2559DA96008A27E3 /* eventos */ = {
			isa = PBXNativeTarget;
			buildConfigurationList = 3D3D2B252559DA9B008A27E3 /* Build configuration list for PBXNativeTarget "eventos" */;
			buildPhases = (
				3D3D2AF72559DA96008A27E3 /* Sources */,
				3D3D2AF82559DA96008A27E3 /* Frameworks */,
				3D3D2AF92559DA96008A27E3 /* Resources */,
			);
			buildRules = (
			);
			dependencies = (
			);
			name = eventos;
			productName = eventos;
			productReference = 3D3D2AFB2559DA96008A27E3 /* eventos.app */;
			productType = "com.apple.product-type.application";
		};
		3D3D2B102559DA9B008A27E3 /* eventosTests */ = {
			isa = PBXNativeTarget;
			buildConfigurationList = 3D3D2B282559DA9B008A27E3 /* Build configuration list for PBXNativeTarget "eventosTests" */;
			buildPhases = (
				3D3D2B0D2559DA9B008A27E3 /* Sources */,
				3D3D2B0E2559DA9B008A27E3 /* Frameworks */,
				3D3D2B0F2559DA9B008A27E3 /* Resources */,
			);
			buildRules = (
			);
			dependencies = (
				3D3D2B132559DA9B008A27E3 /* PBXTargetDependency */,
			);
			name = eventosTests;
			productName = eventosTests;
			productReference = 3D3D2B112559DA9B008A27E3 /* eventosTests.xctest */;
			productType = "com.apple.product-type.bundle.unit-test";
		};
		3D3D2B1B2559DA9B008A27E3 /* eventosUITests */ = {
			isa = PBXNativeTarget;
			buildConfigurationList = 3D3D2B2B2559DA9B008A27E3 /* Build configuration list for PBXNativeTarget "eventosUITests" */;
			buildPhases = (
				3D3D2B182559DA9B008A27E3 /* Sources */,
				3D3D2B192559DA9B008A27E3 /* Frameworks */,
				3D3D2B1A2559DA9B008A27E3 /* Resources */,
			);
			buildRules = (
			);
			dependencies = (
				3D3D2B1E2559DA9B008A27E3 /* PBXTargetDependency */,
			);
			name = eventosUITests;
			productName = eventosUITests;
			productReference = 3D3D2B1C2559DA9B008A27E3 /* eventosUITests.xctest */;
			productType = "com.apple.product-type.bundle.ui-testing";
		};
/* End PBXNativeTarget section */

/* Begin PBXProject section */
		3D3D2AF32559DA96008A27E3 /* Project object */ = {
			isa = PBXProject;
			attributes = {
				LastSwiftUpdateCheck = 1130;
				LastUpgradeCheck = 1130;
				ORGANIZATIONNAME = Alumno;
				TargetAttributes = {
					3D3D2AFA2559DA96008A27E3 = {
						CreatedOnToolsVersion = 11.3.1;
					};
					3D3D2B102559DA9B008A27E3 = {
						CreatedOnToolsVersion = 11.3.1;
						TestTargetID = 3D3D2AFA2559DA96008A27E3;
					};
					3D3D2B1B2559DA9B008A27E3 = {
						CreatedOnToolsVersion = 11.3.1;
						TestTargetID = 3D3D2AFA2559DA96008A27E3;
					};
				};
			};
			buildConfigurationList = 3D3D2AF62559DA96008A27E3 /* Build configuration list for PBXProject "eventos" */;
			compatibilityVersion = "Xcode 9.3";
			developmentRegion = en;
			hasScannedForEncodings = 0;
			knownRegions = (
				en,
				Base,
			);
			mainGroup = 3D3D2AF22559DA96008A27E3;
			productRefGroup = 3D3D2AFC2559DA96008A27E3 /* Products */;
			projectDirPath = "";
			projectRoot = "";
			targets = (
				3D3D2AFA2559DA96008A27E3 /* eventos */,
				3D3D2B102559DA9B008A27E3 /* eventosTests */,
				3D3D2B1B2559DA9B008A27E3 /* eventosUITests */,
			);
		};
/* End PBXProject section */

/* Begin PBXResourcesBuildPhase section */
		3D3D2AF92559DA96008A27E3 /* Resources */ = {
			isa = PBXResourcesBuildPhase;
			buildActionMask = 2147483647;
			files = (
				3D3D2B0B2559DA9B008A27E3 /* LaunchScreen.storyboard in Resources */,
				3D3D2B082559DA9B008A27E3 /* Assets.xcassets in Resources */,
				3D3D2B062559DA96008A27E3 /* Main.storyboard in Resources */,
			);
			runOnlyForDeploymentPostprocessing = 0;
		};
		3D3D2B0F2559DA9B008A27E3 /* Resources */ = {
			isa = PBXResourcesBuildPhase;
			buildActionMask = 2147483647;
			files = (
			);
			runOnlyForDeploymentPostprocessing = 0;
		};
		3D3D2B1A2559DA9B008A27E3 /* Resources */ = {
			isa = PBXResourcesBuildPhase;
			buildActionMask = 2147483647;
			files = (
			);
			runOnlyForDeploymentPostprocessing = 0;
		};
/* End PBXResourcesBuildPhase section */

/* Begin PBXSourcesBuildPhase section */
		3D3D2AF72559DA96008A27E3 /* Sources */ = {
			isa = PBXSourcesBuildPhase;
			buildActionMask = 2147483647;
			files = (
				3D3D2B342559DC33008A27E3 /* Evento.swift in Sources */,
				3D3D2B032559DA96008A27E3 /* ViewController.swift in Sources */,
				3D3D2AFF2559DA96008A27E3 /* AppDelegate.swift in Sources */,
				3D3D2B012559DA96008A27E3 /* SceneDelegate.swift in Sources */,
				3D3D2B362559E78E008A27E3 /* celdaEventoController.swift in Sources */,
			);
			runOnlyForDeploymentPostprocessing = 0;
		};
		3D3D2B0D2559DA9B008A27E3 /* Sources */ = {
			isa = PBXSourcesBuildPhase;
			buildActionMask = 2147483647;
			files = (
				3D3D2B162559DA9B008A27E3 /* eventosTests.swift in Sources */,
			);
			runOnlyForDeploymentPostprocessing = 0;
		};
		3D3D2B182559DA9B008A27E3 /* Sources */ = {
			isa = PBXSourcesBuildPhase;
			buildActionMask = 2147483647;
			files = (
				3D3D2B212559DA9B008A27E3 /* eventosUITests.swift in Sources */,
			);
			runOnlyForDeploymentPostprocessing = 0;
		};
/* End PBXSourcesBuildPhase section */

/* Begin PBXTargetDependency section */
		3D3D2B132559DA9B008A27E3 /* PBXTargetDependency */ = {
			isa = PBXTargetDependency;
			target = 3D3D2AFA2559DA96008A27E3 /* eventos */;
			targetProxy = 3D3D2B122559DA9B008A27E3 /* PBXContainerItemProxy */;
		};
		3D3D2B1E2559DA9B008A27E3 /* PBXTargetDependency */ = {
			isa = PBXTargetDependency;
			target = 3D3D2AFA2559DA96008A27E3 /* eventos */;
			targetProxy = 3D3D2B1D2559DA9B008A27E3 /* PBXContainerItemProxy */;
		};
/* End PBXTargetDependency section */

/* Begin PBXVariantGroup section */
		3D3D2B042559DA96008A27E3 /* Main.storyboard */ = {
			isa = PBXVariantGroup;
			children = (
				3D3D2B052559DA96008A27E3 /* Base */,
			);
			name = Main.storyboard;
			sourceTree = "<group>";
		};
		3D3D2B092559DA9B008A27E3 /* LaunchScreen.storyboard */ = {
			isa = PBXVariantGroup;
			children = (
				3D3D2B0A2559DA9B008A27E3 /* Base */,
			);
			name = LaunchScreen.storyboard;
			sourceTree = "<group>";
		};
/* End PBXVariantGroup section */

/* Begin XCBuildConfiguration section */
		3D3D2B232559DA9B008A27E3 /* Debug */ = {
			isa = XCBuildConfiguration;
			buildSettings = {
				ALWAYS_SEARCH_USER_PATHS = NO;
				CLANG_ANALYZER_NONNULL = YES;
				CLANG_ANALYZER_NUMBER_OBJECT_CONVERSION = YES_AGGRESSIVE;
				CLANG_CXX_LANGUAGE_STANDARD = "gnu++14";
				CLANG_CXX_LIBRARY = "libc++";
				CLANG_ENABLE_MODULES = YES;
				CLANG_ENABLE_OBJC_ARC = YES;
				CLANG_ENABLE_OBJC_WEAK = YES;
				CLANG_WARN_BLOCK_CAPTURE_AUTORELEASING = YES;
				CLANG_WARN_BOOL_CONVERSION = YES;
				CLANG_WARN_COMMA = YES;
				CLANG_WARN_CONSTANT_CONVERSION = YES;
				CLANG_WARN_DEPRECATED_OBJC_IMPLEMENTATIONS = YES;
				CLANG_WARN_DIRECT_OBJC_ISA_USAGE = YES_ERROR;
				CLANG_WARN_DOCUMENTATION_COMMENTS = YES;
				CLANG_WARN_EMPTY_BODY = YES;
				CLANG_WARN_ENUM_CONVERSION = YES;
				CLANG_WARN_INFINITE_RECURSION = YES;
				CLANG_WARN_INT_CONVERSION = YES;
				CLANG_WARN_NON_LITERAL_NULL_CONVERSION = YES;
				CLANG_WARN_OBJC_IMPLICIT_RETAIN_SELF = YES;
				CLANG_WARN_OBJC_LITERAL_CONVERSION = YES;
				CLANG_WARN_OBJC_ROOT_CLASS = YES_ERROR;
				CLANG_WARN_RANGE_LOOP_ANALYSIS = YES;
				CLANG_WARN_STRICT_PROTOTYPES = YES;
				CLANG_WARN_SUSPICIOUS_MOVE = YES;
				CLANG_WARN_UNGUARDED_AVAILABILITY = YES_AGGRESSIVE;
				CLANG_WARN_UNREACHABLE_CODE = YES;
				CLANG_WARN__DUPLICATE_METHOD_MATCH = YES;
				COPY_PHASE_STRIP = NO;
				DEBUG_INFORMATION_FORMAT = dwarf;
				ENABLE_STRICT_OBJC_MSGSEND = YES;
				ENABLE_TESTABILITY = YES;
				GCC_C_LANGUAGE_STANDARD = gnu11;
				GCC_DYNAMIC_NO_PIC = NO;
				GCC_NO_COMMON_BLOCKS = YES;
				GCC_OPTIMIZATION_LEVEL = 0;
				GCC_PREPROCESSOR_DEFINITIONS = (
					"DEBUG=1",
					"$(inherited)",
				);
				GCC_WARN_64_TO_32_BIT_CONVERSION = YES;
				GCC_WARN_ABOUT_RETURN_TYPE = YES_ERROR;
				GCC_WARN_UNDECLARED_SELECTOR = YES;
				GCC_WARN_UNINITIALIZED_AUTOS = YES_AGGRESSIVE;
				GCC_WARN_UNUSED_FUNCTION = YES;
				GCC_WARN_UNUSED_VARIABLE = YES;
				IPHONEOS_DEPLOYMENT_TARGET = 13.2;
				MTL_ENABLE_DEBUG_INFO = INCLUDE_SOURCE;
				MTL_FAST_MATH = YES;
				ONLY_ACTIVE_ARCH = YES;
				SDKROOT = iphoneos;
				SWIFT_ACTIVE_COMPILATION_CONDITIONS = DEBUG;
				SWIFT_OPTIMIZATION_LEVEL = "-Onone";
			};
			name = Debug;
		};
		3D3D2B242559DA9B008A27E3 /* Release */ = {
			isa = XCBuildConfiguration;
			buildSettings = {
				ALWAYS_SEARCH_USER_PATHS = NO;
				CLANG_ANALYZER_NONNULL = YES;
				CLANG_ANALYZER_NUMBER_OBJECT_CONVERSION = YES_AGGRESSIVE;
				CLANG_CXX_LANGUAGE_STANDARD = "gnu++14";
				CLANG_CXX_LIBRARY = "libc++";
				CLANG_ENABLE_MODULES = YES;
				CLANG_ENABLE_OBJC_ARC = YES;
				CLANG_ENABLE_OBJC_WEAK = YES;
				CLANG_WARN_BLOCK_CAPTURE_AUTORELEASING = YES;
				CLANG_WARN_BOOL_CONVERSION = YES;
				CLANG_WARN_COMMA = YES;
				CLANG_WARN_CONSTANT_CONVERSION = YES;
				CLANG_WARN_DEPRECATED_OBJC_IMPLEMENTATIONS = YES;
				CLANG_WARN_DIRECT_OBJC_ISA_USAGE = YES_ERROR;
				CLANG_WARN_DOCUMENTATION_COMMENTS = YES;
				CLANG_WARN_EMPTY_BODY = YES;
				CLANG_WARN_ENUM_CONVERSION = YES;
				CLANG_WARN_INFINITE_RECURSION = YES;
				CLANG_WARN_INT_CONVERSION = YES;
				CLANG_WARN_NON_LITERAL_NULL_CONVERSION = YES;
				CLANG_WARN_OBJC_IMPLICIT_RETAIN_SELF = YES;
				CLANG_WARN_OBJC_LITERAL_CONVERSION = YES;
				CLANG_WARN_OBJC_ROOT_CLASS = YES_ERROR;
				CLANG_WARN_RANGE_LOOP_ANALYSIS = YES;
				CLANG_WARN_STRICT_PROTOTYPES = YES;
				CLANG_WARN_SUSPICIOUS_MOVE = YES;
				CLANG_WARN_UNGUARDED_AVAILABILITY = YES_AGGRESSIVE;
				CLANG_WARN_UNREACHABLE_CODE = YES;
				CLANG_WARN__DUPLICATE_METHOD_MATCH = YES;
				COPY_PHASE_STRIP = NO;
				DEBUG_INFORMATION_FORMAT = "dwarf-with-dsym";
				ENABLE_NS_ASSERTIONS = NO;
				ENABLE_STRICT_OBJC_MSGSEND = YES;
				GCC_C_LANGUAGE_STANDARD = gnu11;
				GCC_NO_COMMON_BLOCKS = YES;
				GCC_WARN_64_TO_32_BIT_CONVERSION = YES;
				GCC_WARN_ABOUT_RETURN_TYPE = YES_ERROR;
				GCC_WARN_UNDECLARED_SELECTOR = YES;
				GCC_WARN_UNINITIALIZED_AUTOS = YES_AGGRESSIVE;
				GCC_WARN_UNUSED_FUNCTION = YES;
				GCC_WARN_UNUSED_VARIABLE = YES;
				IPHONEOS_DEPLOYMENT_TARGET = 13.2;
				MTL_ENABLE_DEBUG_INFO = NO;
				MTL_FAST_MATH = YES;
				SDKROOT = iphoneos;
				SWIFT_COMPILATION_MODE = wholemodule;
				SWIFT_OPTIMIZATION_LEVEL = "-O";
				VALIDATE_PRODUCT = YES;
			};
			name = Release;
		};
		3D3D2B262559DA9B008A27E3 /* Debug */ = {
			isa = XCBuildConfiguration;
			buildSettings = {
				ASSETCATALOG_COMPILER_APPICON_NAME = AppIcon;
				CODE_SIGN_STYLE = Automatic;
				INFOPLIST_FILE = eventos/Info.plist;
				LD_RUNPATH_SEARCH_PATHS = (
					"$(inherited)",
					"@executable_path/Frameworks",
				);
				PRODUCT_BUNDLE_IDENTIFIER = edu.ulsa.eventos;
				PRODUCT_NAME = "$(TARGET_NAME)";
				SWIFT_VERSION = 5.0;
				TARGETED_DEVICE_FAMILY = "1,2";
			};
			name = Debug;
		};
		3D3D2B272559DA9B008A27E3 /* Release */ = {
			isa = XCBuildConfiguration;
			buildSettings = {
				ASSETCATALOG_COMPILER_APPICON_NAME = AppIcon;
				CODE_SIGN_STYLE = Automatic;
				INFOPLIST_FILE = eventos/Info.plist;
				LD_RUNPATH_SEARCH_PATHS = (
					"$(inherited)",
					"@executable_path/Frameworks",
				);
				PRODUCT_BUNDLE_IDENTIFIER = edu.ulsa.eventos;
				PRODUCT_NAME = "$(TARGET_NAME)";
				SWIFT_VERSION = 5.0;
				TARGETED_DEVICE_FAMILY = "1,2";
			};
			name = Release;
		};
		3D3D2B292559DA9B008A27E3 /* Debug */ = {
			isa = XCBuildConfiguration;
			buildSettings = {
				ALWAYS_EMBED_SWIFT_STANDARD_LIBRARIES = YES;
				BUNDLE_LOADER = "$(TEST_HOST)";
				CODE_SIGN_STYLE = Automatic;
				INFOPLIST_FILE = eventosTests/Info.plist;
				IPHONEOS_DEPLOYMENT_TARGET = 13.2;
				LD_RUNPATH_SEARCH_PATHS = (
					"$(inherited)",
					"@executable_path/Frameworks",
					"@loader_path/Frameworks",
				);
				PRODUCT_BUNDLE_IDENTIFIER = edu.ulsa.eventosTests;
				PRODUCT_NAME = "$(TARGET_NAME)";
				SWIFT_VERSION = 5.0;
				TARGETED_DEVICE_FAMILY = "1,2";
				TEST_HOST = "$(BUILT_PRODUCTS_DIR)/eventos.app/eventos";
			};
			name = Debug;
		};
		3D3D2B2A2559DA9B008A27E3 /* Release */ = {
			isa = XCBuildConfiguration;
			buildSettings = {
				ALWAYS_EMBED_SWIFT_STANDARD_LIBRARIES = YES;
				BUNDLE_LOADER = "$(TEST_HOST)";
				CODE_SIGN_STYLE = Automatic;
				INFOPLIST_FILE = eventosTests/Info.plist;
				IPHONEOS_DEPLOYMENT_TARGET = 13.2;
				LD_RUNPATH_SEARCH_PATHS = (
					"$(inherited)",
					"@executable_path/Frameworks",
					"@loader_path/Frameworks",
				);
				PRODUCT_BUNDLE_IDENTIFIER = edu.ulsa.eventosTests;
				PRODUCT_NAME = "$(TARGET_NAME)";
				SWIFT_VERSION = 5.0;
				TARGETED_DEVICE_FAMILY = "1,2";
				TEST_HOST = "$(BUILT_PRODUCTS_DIR)/eventos.app/eventos";
			};
			name = Release;
		};
		3D3D2B2C2559DA9B008A27E3 /* Debug */ = {
			isa = XCBuildConfiguration;
			buildSettings = {
				ALWAYS_EMBED_SWIFT_STANDARD_LIBRARIES = YES;
				CODE_SIGN_STYLE = Automatic;
				INFOPLIST_FILE = eventosUITests/Info.plist;
				LD_RUNPATH_SEARCH_PATHS = (
					"$(inherited)",
					"@executable_path/Frameworks",
					"@loader_path/Frameworks",
				);
				PRODUCT_BUNDLE_IDENTIFIER = edu.ulsa.eventosUITests;
				PRODUCT_NAME = "$(TARGET_NAME)";
				SWIFT_VERSION = 5.0;
				TARGETED_DEVICE_FAMILY = "1,2";
				TEST_TARGET_NAME = eventos;
			};
			name = Debug;
		};
		3D3D2B2D2559DA9B008A27E3 /* Release */ = {
			isa = XCBuildConfiguration;
			buildSettings = {
				ALWAYS_EMBED_SWIFT_STANDARD_LIBRARIES = YES;
				CODE_SIGN_STYLE = Automatic;
				INFOPLIST_FILE = eventosUITests/Info.plist;
				LD_RUNPATH_SEARCH_PATHS = (
					"$(inherited)",
					"@executable_path/Frameworks",
					"@loader_path/Frameworks",
				);
				PRODUCT_BUNDLE_IDENTIFIER = edu.ulsa.eventosUITests;
				PRODUCT_NAME = "$(TARGET_NAME)";
				SWIFT_VERSION = 5.0;
				TARGETED_DEVICE_FAMILY = "1,2";
				TEST_TARGET_NAME = eventos;
			};
			name = Release;
		};
/* End XCBuildConfiguration section */

/* Begin XCConfigurationList section */
		3D3D2AF62559DA96008A27E3 /* Build configuration list for PBXProject "eventos" */ = {
			isa = XCConfigurationList;
			buildConfigurations = (
				3D3D2B232559DA9B008A27E3 /* Debug */,
				3D3D2B242559DA9B008A27E3 /* Release */,
			);
			defaultConfigurationIsVisible = 0;
			defaultConfigurationName = Release;
		};
		3D3D2B252559DA9B008A27E3 /* Build configuration list for PBXNativeTarget "eventos" */ = {
			isa = XCConfigurationList;
			buildConfigurations = (
				3D3D2B262559DA9B008A27E3 /* Debug */,
				3D3D2B272559DA9B008A27E3 /* Release */,
			);
			defaultConfigurationIsVisible = 0;
			defaultConfigurationName = Release;
		};
		3D3D2B282559DA9B008A27E3 /* Build configuration list for PBXNativeTarget "eventosTests" */ = {
			isa = XCConfigurationList;
			buildConfigurations = (
				3D3D2B292559DA9B008A27E3 /* Debug */,
				3D3D2B2A2559DA9B008A27E3 /* Release */,
			);
			defaultConfigurationIsVisible = 0;
			defaultConfigurationName = Release;
		};
		3D3D2B2B2559DA9B008A27E3 /* Build configuration list for PBXNativeTarget "eventosUITests" */ = {
			isa = XCConfigurationList;
			buildConfigurations = (
				3D3D2B2C2559DA9B008A27E3 /* Debug */,
				3D3D2B2D2559DA9B008A27E3 /* Release */,
			);
			defaultConfigurationIsVisible = 0;
			defaultConfigurationName = Release;
		};
/* End XCConfigurationList section */
	};
	rootObject = 3D3D2AF32559DA96008A27E3 /* Project object */;
}
